
Microsoft Visual Studio Solution File, Format Version 12.00
# Visual Studio 15
VisualStudioVersion = 15.0.28010.2019
MinimumVisualStudioVersion = 10.0.40219.1
Project("{8BC9CEB8-8B4A-11D0-8D11-00A0C91BC942}") = "workshop3", "workshop3\workshop3.vcxproj", "{D8E406D2-8E1F-4ECD-A546-F61A6336F501}"
EndProject
Global
	GlobalSection(SolutionConfigurationPlatforms) = preSolution
		Debug|x64 = Debug|x64
		Debug|x86 = Debug|x86
		Release|x64 = Release|x64
		Release|x86 = Release|x86
	EndGlobalSection
	GlobalSection(ProjectConfigurationPlatforms) = postSolution
		{D8E406D2-8E1F-4ECD-A546-F61A6336F501}.Debug|x64.ActiveCfg = Debug|x64
		{D8E406D2-8E1F-4ECD-A546-F61A6336F501}.Debug|x64.Build.0 = Debug|x64
		{D8E406D2-8E1F-4ECD-A546-F61A6336F501}.Debug|x86.ActiveCfg = Debug|Win32
		{D8E406D2-8E1F-4ECD-A546-F61A6336F501}.Debug|x86.Build.0 = Debug|Win32
		{D8E406D2-8E1F-4ECD-A546-F61A6336F501}.Release|x64.ActiveCfg = Release|x64
		{D8E406D2-8E1F-4ECD-A546-F61A6336F501}.Release|x64.Build.0 = Release|x64
		{D8E406D2-8E1F-4ECD-A546-F61A6336F501}.Release|x86.ActiveCfg = Release|Win32
		{D8E406D2-8E1F-4ECD-A546-F61A6336F501}.Release|x86.Build.0 = Release|Win32
	EndGlobalSection
	GlobalSection(SolutionProperties) = preSolution
		HideSolutionNode = FALSE
	EndGlobalSection
	GlobalSection(ExtensibilityGlobals) = postSolution
		SolutionGuid = {86BFDC59-F164-485D-B3DB-002B0FF8D8D1}
	EndGlobalSection
EndGlobal
